
Microsoft Visual Studio Solution File, Format Version 12.00
# Visual Studio Version 17
VisualStudioVersion = 17.3.32929.385
MinimumVisualStudioVersion = 10.0.40219.1
Project("{FAE04EC0-301F-11D3-BF4B-00C04F79EFBC}") = "ASP.NET Project", "ASP.NET Project\ASP.NET Project.csproj", "{B5B7E8DF-1626-490F-8B32-3CD186AD0D71}"
EndProject
Global
	GlobalSection(SolutionConfigurationPlatforms) = preSolution
		Debug|Any CPU = Debug|Any CPU
		Release|Any CPU = Release|Any CPU
	EndGlobalSection
	GlobalSection(ProjectConfigurationPlatforms) = postSolution
		{B5B7E8DF-1626-490F-8B32-3CD186AD0D71}.Debug|Any CPU.ActiveCfg = Debug|Any CPU
		{B5B7E8DF-1626-490F-8B32-3CD186AD0D71}.Debug|Any CPU.Build.0 = Debug|Any CPU
		{B5B7E8DF-1626-490F-8B32-3CD186AD0D71}.Release|Any CPU.ActiveCfg = Release|Any CPU
		{B5B7E8DF-1626-490F-8B32-3CD186AD0D71}.Release|Any CPU.Build.0 = Release|Any CPU
	EndGlobalSection
	GlobalSection(SolutionProperties) = preSolution
		HideSolutionNode = FALSE
	EndGlobalSection
	GlobalSection(ExtensibilityGlobals) = postSolution
		SolutionGuid = {8CA2E4A1-D865-42F2-9061-6877D4A9EFE5}
	EndGlobalSection
EndGlobal
